<?xml version="1.0" encoding="UTF-8" standalone="yes" ?>
<CodeBlocks_project_file>
	<FileVersion major="1" minor="6" />
	<Project>
		<Option title="Snooker" />
		<Option pch_mode="2" />
		<Option compiler="gcc" />
		<Build>
			<Target title="Debug">
				<Option output="bin/Debug/Snooker" prefix_auto="1" extension_auto="1" />
				<Option object_output="obj/Debug/" />
				<Option type="1" />
				<Option compiler="gcc" />
				<Compiler>
					<Add option="-g" />
				</Compiler>
			</Target>
			<Target title="Release">
				<Option output="bin/Release/Snooker" prefix_auto="1" extension_auto="1" />
				<Option object_output="obj/Release/" />
				<Option type="1" />
				<Option compiler="gcc" />
				<Compiler>
					<Add option="-fexceptions" />
					<Add option="-DSFML_STATIC" />
				</Compiler>
			</Target>
		</Build>
		<Compiler>
			<Add option="-std=gnu++17" />
			<Add option="-fexceptions" />
			<Add option="-DSFML_STATIC" />
			<Add directory="lib/SFML-2.5.1/include" />
			<Add directory="lib/eigen-3.3.7" />
			<Add directory="lib/boost_1_73_0" />
			<Add directory="include" />
			<Add directory="include/_screens" />
		</Compiler>
		<Linker>
			<Add option="-O3" />
			<Add library="sfml-graphics-s" />
			<Add library="sfml-window-s" />
			<Add library="sfml-network-s" />
			<Add library="sfml-system-s" />
			<Add library="winmm" />
			<Add library="opengl32" />
			<Add library="freetype" />
			<Add library="gdi32" />
			<Add library="lib/boost_1_73_0/stage/lib/libboost_random-mgw8-mt-s-x64-1_73.a" />
			<Add library="ws2_32" />
			<Add directory="lib/SFML-2.5.1/lib" />
			<Add directory="lib/eigen-3.3.7" />
			<Add directory="lib/boost_1_73_0/stage/lib" />
		</Linker>
		<Unit filename="include/_screens/change-cue-screen.h" />
		<Unit filename="include/_screens/control-screen.h" />
		<Unit filename="include/_screens/multiplayer-screen.h" />
		<Unit filename="include/_screens/options-screen.h" />
		<Unit filename="include/_screens/play-game-screen.h" />
		<Unit filename="include/_screens/singleplayer-screen.h" />
		<Unit filename="include/_screens/title-screen.h" />
		<Unit filename="include/audio-server.h" />
		<Unit filename="include/ball-trajectory.h" />
		<Unit filename="include/ball.h" />
		<Unit filename="include/common.h" />
		<Unit filename="include/cue.h" />
		<Unit filename="include/cushion.h" />
		<Unit filename="include/custom-recorder.h" />
		<Unit filename="include/file-locations.h" />
		<Unit filename="include/game-state.h" />
		<Unit filename="include/input-box.h" />
		<Unit filename="include/nominate-ball.h" />
		<Unit filename="include/objects.h" />
		<Unit filename="include/polystuff.h" />
		<Unit filename="include/rect-button.h" />
		<Unit filename="include/red-arrow.h" />
		<Unit filename="include/rimode.h" />
		<Unit filename="include/server.h" />
		<Unit filename="include/table-constants.h" />
		<Unit filename="include/user-controls.h" />
		<Unit filename="src/main.cpp" />
		<Extensions>
			<lib_finder disable_auto="1" />
		</Extensions>
	</Project>
</CodeBlocks_project_file>
