<?xml version="1.0" encoding="UTF-8" standalone="yes" ?>
<CodeBlocks_project_file>
	<FileVersion major="1" minor="6" />
	<Project>
		<Option title="Snooker" />
		<Option pch_mode="2" />
		<Option compiler="gcc" />
		<Build>
			<Target title="Debug">
				<Option output="bin/Debug/Snooker" prefix_auto="1" extension_auto="1" />
				<Option object_output="obj/Debug/" />
				<Option type="1" />
				<Option compiler="gcc" />
				<Compiler>
					<Add option="-g" />
				</Compiler>
			</Target>
			<Target title="Release">
				<Option output="bin/Release/Snooker" prefix_auto="1" extension_auto="1" />
				<Option object_output="obj/Release/" />
				<Option type="1" />
				<Option compiler="gcc" />
				<Compiler>
					<Add option="-O2" />
				</Compiler>
				<Linker>
					<Add option="-s" />
				</Linker>
			</Target>
		</Build>
		<Compiler>
			<Add option="-Wall" />
			<Add option="-fexceptions" />
			<Add option="-std=c++0x" />
			<Add option="-DSFML_STATIC" />
			<Add directory="C:/Users/willi/OneDrive/Desktop/Python/_include/SFML-2.5.1/include" />
			<Add directory="C:/Users/willi/OneDrive/Desktop/Python/_include/thor-v2.0-mingw/include" />
		</Compiler>
		<Linker>
			<Add library="C:/Users/willi/OneDrive/Desktop/Python/_include/thor-v2.0-mingw/lib/libthor-s.a" />
			<Add library="sfml-graphics-s" />
			<Add library="sfml-window-s" />
			<Add library="sfml-network-s" />
			<Add library="sfml-system-s" />
			<Add library="winmm" />
			<Add library="opengl32" />
			<Add library="freetype" />
			<Add library="gdi32" />
			<Add library="C:/Users/willi/OneDrive/Desktop/Python/_include/boost_1_73_0/stage/lib/libboost_random-mgw8-mt-s-x64-1_73.a" />
			<Add library="ws2_32" />
			<Add directory="C:/Users/willi/OneDrive/Desktop/Python/_include/SFML-2.5.1/lib" />
			<Add directory="C:/Users/willi/OneDrive/Desktop/Python/_include/thor-v2.0-mingw/lib" />
		</Linker>
		<Unit filename="client.h" />
		<Unit filename="floatsupport.h" />
		<Unit filename="main.cpp" />
		<Unit filename="objects.h" />
		<Unit filename="polystuff.h" />
		<Extensions>
			<lib_finder disable_auto="1" />
		</Extensions>
	</Project>
</CodeBlocks_project_file>
